uuid: 301111b3-b776-454a-84fc-64406c93f8fc
langcode: en
status: true
dependencies: {  }
id: upgrade_d7_custom_block
migration_tags:
  - 'Drupal 7'
migration_group: migrate_drupal_7
label: 'Custom blocks'
source:
  plugin: d7_block_custom
  constants:
    type: basic
process:
  id: bid
  type: constants/type
  info: info
  body/format:
    plugin: migration
    migration: upgrade_d7_filter_format
    source: format
  body/value: body
destination:
  plugin: 'entity:block_content'
  no_stub: true
migration_dependencies:
  required:
    - upgrade_d7_filter_format
    - upgrade_block_content_body_field
  optional: {  }
